{
  "name": "@mikield/adonis-user-policy",
  "version": "0.1.0",
  "lockfileVersion": 1,
  "requires": true,
  "dependencies": {
    "@mikield/adonis-true-traits": {
      "version": "0.0.5",
      "resolved": "https://registry.npmjs.org/@mikield/adonis-true-traits/-/adonis-true-traits-0.0.5.tgz",
      "integrity": "sha512-rvST+LB3JNohnbmSLDO5ib/nVV/h0kJlNS8uhPMuURRf46+6D/miWjAA30UnzZvtwyybUF4OPVE0yAjOtOUAmg=="
    }
  }
}
